
Microsoft Visual Studio Solution File, Format Version 12.00
# Visual Studio 15
VisualStudioVersion = 15.0.27703.2018
MinimumVisualStudioVersion = 10.0.40219.1
Project("{FAE04EC0-301F-11D3-BF4B-00C04F79EFBC}") = "GenericList_Sample", "GenericList_Sample\GenericList_Sample\GenericList_Sample.csproj", "{3DC6306F-CD85-4902-802F-BDA830A59147}"
EndProject
Project("{FAE04EC0-301F-11D3-BF4B-00C04F79EFBC}") = "GenericListWithComparison", "GenericListWithComparison\GenericListWithComparison\GenericListWithComparison.csproj", "{0A05CC7B-7B48-4596-8B5D-DC2C936DCE34}"
EndProject
Project("{FAE04EC0-301F-11D3-BF4B-00C04F79EFBC}") = "GenerischerStack", "GenerischerStack\GenerischerStack\GenerischerStack.csproj", "{8FF9B0F6-24EA-4198-8526-019B4601F580}"
EndProject
Project("{FAE04EC0-301F-11D3-BF4B-00C04F79EFBC}") = "GeometricObjectsSolution_9", "GeometricObjectsSolution_9\GeometricObjectsSolution_9\GeometricObjectsSolution_9.csproj", "{7815629D-FE2A-40FE-993F-A25DD3083905}"
EndProject
Project("{FAE04EC0-301F-11D3-BF4B-00C04F79EFBC}") = "KontravarianzSample", "KontravarianzSample\KontravarianzSample\KontravarianzSample.csproj", "{69C4BBAF-DD02-41B2-A4D5-2F1D98A4F8CF}"
EndProject
Project("{FAE04EC0-301F-11D3-BF4B-00C04F79EFBC}") = "KovarianzSample", "KovarianzSample\KovarianzSample\KovarianzSample.csproj", "{069BD706-6F3A-4364-BE55-4B201077BA5F}"
EndProject
Global
	GlobalSection(SolutionConfigurationPlatforms) = preSolution
		Debug|Any CPU = Debug|Any CPU
		Release|Any CPU = Release|Any CPU
	EndGlobalSection
	GlobalSection(ProjectConfigurationPlatforms) = postSolution
		{3DC6306F-CD85-4902-802F-BDA830A59147}.Debug|Any CPU.ActiveCfg = Debug|Any CPU
		{3DC6306F-CD85-4902-802F-BDA830A59147}.Debug|Any CPU.Build.0 = Debug|Any CPU
		{3DC6306F-CD85-4902-802F-BDA830A59147}.Release|Any CPU.ActiveCfg = Release|Any CPU
		{3DC6306F-CD85-4902-802F-BDA830A59147}.Release|Any CPU.Build.0 = Release|Any CPU
		{0A05CC7B-7B48-4596-8B5D-DC2C936DCE34}.Debug|Any CPU.ActiveCfg = Debug|Any CPU
		{0A05CC7B-7B48-4596-8B5D-DC2C936DCE34}.Debug|Any CPU.Build.0 = Debug|Any CPU
		{0A05CC7B-7B48-4596-8B5D-DC2C936DCE34}.Release|Any CPU.ActiveCfg = Release|Any CPU
		{0A05CC7B-7B48-4596-8B5D-DC2C936DCE34}.Release|Any CPU.Build.0 = Release|Any CPU
		{8FF9B0F6-24EA-4198-8526-019B4601F580}.Debug|Any CPU.ActiveCfg = Debug|Any CPU
		{8FF9B0F6-24EA-4198-8526-019B4601F580}.Debug|Any CPU.Build.0 = Debug|Any CPU
		{8FF9B0F6-24EA-4198-8526-019B4601F580}.Release|Any CPU.ActiveCfg = Release|Any CPU
		{8FF9B0F6-24EA-4198-8526-019B4601F580}.Release|Any CPU.Build.0 = Release|Any CPU
		{7815629D-FE2A-40FE-993F-A25DD3083905}.Debug|Any CPU.ActiveCfg = Debug|Any CPU
		{7815629D-FE2A-40FE-993F-A25DD3083905}.Debug|Any CPU.Build.0 = Debug|Any CPU
		{7815629D-FE2A-40FE-993F-A25DD3083905}.Release|Any CPU.ActiveCfg = Release|Any CPU
		{7815629D-FE2A-40FE-993F-A25DD3083905}.Release|Any CPU.Build.0 = Release|Any CPU
		{69C4BBAF-DD02-41B2-A4D5-2F1D98A4F8CF}.Debug|Any CPU.ActiveCfg = Debug|Any CPU
		{69C4BBAF-DD02-41B2-A4D5-2F1D98A4F8CF}.Debug|Any CPU.Build.0 = Debug|Any CPU
		{69C4BBAF-DD02-41B2-A4D5-2F1D98A4F8CF}.Release|Any CPU.ActiveCfg = Release|Any CPU
		{69C4BBAF-DD02-41B2-A4D5-2F1D98A4F8CF}.Release|Any CPU.Build.0 = Release|Any CPU
		{069BD706-6F3A-4364-BE55-4B201077BA5F}.Debug|Any CPU.ActiveCfg = Debug|Any CPU
		{069BD706-6F3A-4364-BE55-4B201077BA5F}.Debug|Any CPU.Build.0 = Debug|Any CPU
		{069BD706-6F3A-4364-BE55-4B201077BA5F}.Release|Any CPU.ActiveCfg = Release|Any CPU
		{069BD706-6F3A-4364-BE55-4B201077BA5F}.Release|Any CPU.Build.0 = Release|Any CPU
	EndGlobalSection
	GlobalSection(SolutionProperties) = preSolution
		HideSolutionNode = FALSE
	EndGlobalSection
	GlobalSection(ExtensibilityGlobals) = postSolution
		SolutionGuid = {A4951B4E-AE54-444A-B320-84E92CBABF4F}
	EndGlobalSection
EndGlobal
