
Microsoft Visual Studio Solution File, Format Version 12.00
# Visual Studio 15
VisualStudioVersion = 15.0.27703.2018
MinimumVisualStudioVersion = 10.0.40219.1
Project("{FAE04EC0-301F-11D3-BF4B-00C04F79EFBC}") = "GeometricObjectsSolution_9", "GeometricObjectsSolution_9\GeometricObjectsSolution_9.csproj", "{7815629D-FE2A-40FE-993F-A25DD3083905}"
EndProject
Global
	GlobalSection(SolutionConfigurationPlatforms) = preSolution
		Debug|Any CPU = Debug|Any CPU
		Release|Any CPU = Release|Any CPU
	EndGlobalSection
	GlobalSection(ProjectConfigurationPlatforms) = postSolution
		{7815629D-FE2A-40FE-993F-A25DD3083905}.Debug|Any CPU.ActiveCfg = Debug|Any CPU
		{7815629D-FE2A-40FE-993F-A25DD3083905}.Debug|Any CPU.Build.0 = Debug|Any CPU
		{7815629D-FE2A-40FE-993F-A25DD3083905}.Release|Any CPU.ActiveCfg = Release|Any CPU
		{7815629D-FE2A-40FE-993F-A25DD3083905}.Release|Any CPU.Build.0 = Release|Any CPU
	EndGlobalSection
	GlobalSection(SolutionProperties) = preSolution
		HideSolutionNode = FALSE
	EndGlobalSection
	GlobalSection(ExtensibilityGlobals) = postSolution
		SolutionGuid = {55D291EF-62B5-476C-B5A3-19939553A873}
	EndGlobalSection
EndGlobal
