
Microsoft Visual Studio Solution File, Format Version 12.00
# Visual Studio Version 17
VisualStudioVersion = 17.13.35931.197 d17.13
MinimumVisualStudioVersion = 10.0.40219.1
Project("{FAE04EC0-301F-11D3-BF4B-00C04F79EFBC}") = "WebAppBeispiel", "WebAppBeispiel\WebAppBeispiel.csproj", "{19FC3EF7-2C06-4455-BB9D-43F0001B0049}"
EndProject
Global
	GlobalSection(SolutionConfigurationPlatforms) = preSolution
		Debug|Any CPU = Debug|Any CPU
		Release|Any CPU = Release|Any CPU
	EndGlobalSection
	GlobalSection(ProjectConfigurationPlatforms) = postSolution
		{19FC3EF7-2C06-4455-BB9D-43F0001B0049}.Debug|Any CPU.ActiveCfg = Debug|Any CPU
		{19FC3EF7-2C06-4455-BB9D-43F0001B0049}.Debug|Any CPU.Build.0 = Debug|Any CPU
		{19FC3EF7-2C06-4455-BB9D-43F0001B0049}.Release|Any CPU.ActiveCfg = Release|Any CPU
		{19FC3EF7-2C06-4455-BB9D-43F0001B0049}.Release|Any CPU.Build.0 = Release|Any CPU
	EndGlobalSection
	GlobalSection(SolutionProperties) = preSolution
		HideSolutionNode = FALSE
	EndGlobalSection
	GlobalSection(ExtensibilityGlobals) = postSolution
		SolutionGuid = {EC4727B2-6F1C-4905-8B09-747D6F1D4DB2}
	EndGlobalSection
EndGlobal
