
Microsoft Visual Studio Solution File, Format Version 12.00
# Visual Studio Version 17
VisualStudioVersion = 17.13.35931.197 d17.13
MinimumVisualStudioVersion = 10.0.40219.1
Project("{FAE04EC0-301F-11D3-BF4B-00C04F79EFBC}") = "EFCoreToPostgreSQL", "EFCoreToPostgreSQL\EFCoreToPostgreSQL.csproj", "{5E114EC8-E09D-4D8E-B5A9-DE2039646A07}"
EndProject
Global
	GlobalSection(SolutionConfigurationPlatforms) = preSolution
		Debug|Any CPU = Debug|Any CPU
		Release|Any CPU = Release|Any CPU
	EndGlobalSection
	GlobalSection(ProjectConfigurationPlatforms) = postSolution
		{5E114EC8-E09D-4D8E-B5A9-DE2039646A07}.Debug|Any CPU.ActiveCfg = Debug|Any CPU
		{5E114EC8-E09D-4D8E-B5A9-DE2039646A07}.Debug|Any CPU.Build.0 = Debug|Any CPU
		{5E114EC8-E09D-4D8E-B5A9-DE2039646A07}.Release|Any CPU.ActiveCfg = Release|Any CPU
		{5E114EC8-E09D-4D8E-B5A9-DE2039646A07}.Release|Any CPU.Build.0 = Release|Any CPU
	EndGlobalSection
	GlobalSection(SolutionProperties) = preSolution
		HideSolutionNode = FALSE
	EndGlobalSection
	GlobalSection(ExtensibilityGlobals) = postSolution
		SolutionGuid = {37E61BB4-AC73-46D9-BD5E-29DFAF9273DF}
	EndGlobalSection
EndGlobal
