
Microsoft Visual Studio Solution File, Format Version 12.00
# Visual Studio Version 17
VisualStudioVersion = 17.14.36408.4 d17.14
MinimumVisualStudioVersion = 10.0.40219.1
Project("{FAE04EC0-301F-11D3-BF4B-00C04F79EFBC}") = "ConsoleApp1", "ConsoleApp1\ConsoleApp1\ConsoleApp1.csproj", "{185C1D6A-8196-28A1-A33B-B3A455F1FE0F}"
EndProject
Project("{FAE04EC0-301F-11D3-BF4B-00C04F79EFBC}") = "ConsoleApp2", "ConsoleApp1\ConsoleApp2\ConsoleApp2.csproj", "{47BC5F96-1881-FAFA-4EF1-FAA69DD5FFA5}"
EndProject
Project("{FAE04EC0-301F-11D3-BF4B-00C04F79EFBC}") = "WpfApp", "WpfApp\WpfApp\WpfApp.csproj", "{796B9778-9C87-8912-F92A-6A8905D8962E}"
EndProject
Global
	GlobalSection(SolutionConfigurationPlatforms) = preSolution
		Debug|Any CPU = Debug|Any CPU
		Release|Any CPU = Release|Any CPU
	EndGlobalSection
	GlobalSection(ProjectConfigurationPlatforms) = postSolution
		{185C1D6A-8196-28A1-A33B-B3A455F1FE0F}.Debug|Any CPU.ActiveCfg = Debug|Any CPU
		{185C1D6A-8196-28A1-A33B-B3A455F1FE0F}.Debug|Any CPU.Build.0 = Debug|Any CPU
		{185C1D6A-8196-28A1-A33B-B3A455F1FE0F}.Release|Any CPU.ActiveCfg = Release|Any CPU
		{185C1D6A-8196-28A1-A33B-B3A455F1FE0F}.Release|Any CPU.Build.0 = Release|Any CPU
		{47BC5F96-1881-FAFA-4EF1-FAA69DD5FFA5}.Debug|Any CPU.ActiveCfg = Debug|Any CPU
		{47BC5F96-1881-FAFA-4EF1-FAA69DD5FFA5}.Debug|Any CPU.Build.0 = Debug|Any CPU
		{47BC5F96-1881-FAFA-4EF1-FAA69DD5FFA5}.Release|Any CPU.ActiveCfg = Release|Any CPU
		{47BC5F96-1881-FAFA-4EF1-FAA69DD5FFA5}.Release|Any CPU.Build.0 = Release|Any CPU
		{796B9778-9C87-8912-F92A-6A8905D8962E}.Debug|Any CPU.ActiveCfg = Debug|Any CPU
		{796B9778-9C87-8912-F92A-6A8905D8962E}.Debug|Any CPU.Build.0 = Debug|Any CPU
		{796B9778-9C87-8912-F92A-6A8905D8962E}.Release|Any CPU.ActiveCfg = Release|Any CPU
		{796B9778-9C87-8912-F92A-6A8905D8962E}.Release|Any CPU.Build.0 = Release|Any CPU
	EndGlobalSection
	GlobalSection(SolutionProperties) = preSolution
		HideSolutionNode = FALSE
	EndGlobalSection
	GlobalSection(ExtensibilityGlobals) = postSolution
		SolutionGuid = {36B0E84C-A792-4D36-8294-E74D6D7176C6}
	EndGlobalSection
EndGlobal
