
Microsoft Visual Studio Solution File, Format Version 12.00
# Visual Studio 15
VisualStudioVersion = 15.0.27703.2018
MinimumVisualStudioVersion = 10.0.40219.1
Project("{FAE04EC0-301F-11D3-BF4B-00C04F79EFBC}") = "GeometricObjectsSolution_7", "GeometricObjectsSolution_7\GeometricObjectsSolution_7.csproj", "{8D500036-9E91-42E3-9F45-65A798BD96EA}"
EndProject
Global
	GlobalSection(SolutionConfigurationPlatforms) = preSolution
		Debug|Any CPU = Debug|Any CPU
		Release|Any CPU = Release|Any CPU
	EndGlobalSection
	GlobalSection(ProjectConfigurationPlatforms) = postSolution
		{8D500036-9E91-42E3-9F45-65A798BD96EA}.Debug|Any CPU.ActiveCfg = Debug|Any CPU
		{8D500036-9E91-42E3-9F45-65A798BD96EA}.Debug|Any CPU.Build.0 = Debug|Any CPU
		{8D500036-9E91-42E3-9F45-65A798BD96EA}.Release|Any CPU.ActiveCfg = Release|Any CPU
		{8D500036-9E91-42E3-9F45-65A798BD96EA}.Release|Any CPU.Build.0 = Release|Any CPU
	EndGlobalSection
	GlobalSection(SolutionProperties) = preSolution
		HideSolutionNode = FALSE
	EndGlobalSection
	GlobalSection(ExtensibilityGlobals) = postSolution
		SolutionGuid = {2EF6D37D-0A11-4D3F-BC35-3581E6802A5D}
	EndGlobalSection
EndGlobal
