
Microsoft Visual Studio Solution File, Format Version 12.00
# Visual Studio Version 16
VisualStudioVersion = 16.0.28803.202
MinimumVisualStudioVersion = 10.0.40219.1
Project("{FAE04EC0-301F-11D3-BF4B-00C04F79EFBC}") = "CalculatorLibrary", "CalculatorLibrary\CalculatorLibrary.csproj", "{298BA245-0E2B-42F0-8089-951E5B773C72}"
EndProject
Project("{FAE04EC0-301F-11D3-BF4B-00C04F79EFBC}") = "CalculatorLibrary_Test", "CalculatorLibrary_Test\CalculatorLibrary_Test.csproj", "{DF4EBDA8-D87C-487A-82DA-84D4569C5CB0}"
EndProject
Global
	GlobalSection(SolutionConfigurationPlatforms) = preSolution
		Debug|Any CPU = Debug|Any CPU
		Release|Any CPU = Release|Any CPU
	EndGlobalSection
	GlobalSection(ProjectConfigurationPlatforms) = postSolution
		{298BA245-0E2B-42F0-8089-951E5B773C72}.Debug|Any CPU.ActiveCfg = Debug|Any CPU
		{298BA245-0E2B-42F0-8089-951E5B773C72}.Debug|Any CPU.Build.0 = Debug|Any CPU
		{298BA245-0E2B-42F0-8089-951E5B773C72}.Release|Any CPU.ActiveCfg = Release|Any CPU
		{298BA245-0E2B-42F0-8089-951E5B773C72}.Release|Any CPU.Build.0 = Release|Any CPU
		{DF4EBDA8-D87C-487A-82DA-84D4569C5CB0}.Debug|Any CPU.ActiveCfg = Debug|Any CPU
		{DF4EBDA8-D87C-487A-82DA-84D4569C5CB0}.Debug|Any CPU.Build.0 = Debug|Any CPU
		{DF4EBDA8-D87C-487A-82DA-84D4569C5CB0}.Release|Any CPU.ActiveCfg = Release|Any CPU
		{DF4EBDA8-D87C-487A-82DA-84D4569C5CB0}.Release|Any CPU.Build.0 = Release|Any CPU
	EndGlobalSection
	GlobalSection(SolutionProperties) = preSolution
		HideSolutionNode = FALSE
	EndGlobalSection
	GlobalSection(ExtensibilityGlobals) = postSolution
		SolutionGuid = {EC67B71D-14C4-4DEA-B951-2BA74F641D14}
	EndGlobalSection
EndGlobal
